
Microsoft Visual Studio Solution File, Format Version 12.00
# Visual Studio Version 16
VisualStudioVersion = 16.0.29613.14
MinimumVisualStudioVersion = 10.0.40219.1
Project("{9A19103F-16F7-4668-BE54-9A1E7A4F7556}") = "SearchEngine.Web", "SearchEngine\SearchEngine.Web.csproj", "{404CD8D5-9ABE-467B-B9DF-D48A4CC07841}"
EndProject
Project("{9A19103F-16F7-4668-BE54-9A1E7A4F7556}") = "SearchEngine.Business", "SearchEngine.Business\SearchEngine.Business.csproj", "{7B61A76A-3E88-42EC-A93B-0F396CF17296}"
EndProject
Project("{9A19103F-16F7-4668-BE54-9A1E7A4F7556}") = "SearchEngine.DataAccess", "SearchEngine.DataAccess\SearchEngine.DataAccess.csproj", "{A46A3371-0134-49AB-8170-D51288BB8558}"
EndProject
Project("{9A19103F-16F7-4668-BE54-9A1E7A4F7556}") = "SearchEngine.Models", "SearchEngine.Models\SearchEngine.Models.csproj", "{E369EAE9-15F3-41D2-8AD0-8372A074F6D5}"
EndProject
Project("{9A19103F-16F7-4668-BE54-9A1E7A4F7556}") = "SearchEngine.Resources", "SearchEngine.Resources\SearchEngine.Resources.csproj", "{BC67C716-70F4-40C1-8AEC-CCE2D54F6AA4}"
EndProject
Project("{9A19103F-16F7-4668-BE54-9A1E7A4F7556}") = "SearchEngine.Tests", "SearchEngine.Tests\SearchEngine.Tests.csproj", "{7762B2D5-9F1D-4CB5-A256-5D458047BA0B}"
EndProject
Project("{2150E333-8FDC-42A3-9474-1A3956D46DE8}") = "Solution Items", "Solution Items", "{4F307CC1-601E-46A8-921E-FBFF86556B52}"
	ProjectSection(SolutionItems) = preProject
		README.md = README.md
	EndProjectSection
EndProject
Global
	GlobalSection(SolutionConfigurationPlatforms) = preSolution
		Debug|Any CPU = Debug|Any CPU
		Release|Any CPU = Release|Any CPU
	EndGlobalSection
	GlobalSection(ProjectConfigurationPlatforms) = postSolution
		{404CD8D5-9ABE-467B-B9DF-D48A4CC07841}.Debug|Any CPU.ActiveCfg = Debug|Any CPU
		{404CD8D5-9ABE-467B-B9DF-D48A4CC07841}.Debug|Any CPU.Build.0 = Debug|Any CPU
		{404CD8D5-9ABE-467B-B9DF-D48A4CC07841}.Release|Any CPU.ActiveCfg = Release|Any CPU
		{404CD8D5-9ABE-467B-B9DF-D48A4CC07841}.Release|Any CPU.Build.0 = Release|Any CPU
		{7B61A76A-3E88-42EC-A93B-0F396CF17296}.Debug|Any CPU.ActiveCfg = Debug|Any CPU
		{7B61A76A-3E88-42EC-A93B-0F396CF17296}.Debug|Any CPU.Build.0 = Debug|Any CPU
		{7B61A76A-3E88-42EC-A93B-0F396CF17296}.Release|Any CPU.ActiveCfg = Release|Any CPU
		{7B61A76A-3E88-42EC-A93B-0F396CF17296}.Release|Any CPU.Build.0 = Release|Any CPU
		{A46A3371-0134-49AB-8170-D51288BB8558}.Debug|Any CPU.ActiveCfg = Debug|Any CPU
		{A46A3371-0134-49AB-8170-D51288BB8558}.Debug|Any CPU.Build.0 = Debug|Any CPU
		{A46A3371-0134-49AB-8170-D51288BB8558}.Release|Any CPU.ActiveCfg = Release|Any CPU
		{A46A3371-0134-49AB-8170-D51288BB8558}.Release|Any CPU.Build.0 = Release|Any CPU
		{E369EAE9-15F3-41D2-8AD0-8372A074F6D5}.Debug|Any CPU.ActiveCfg = Debug|Any CPU
		{E369EAE9-15F3-41D2-8AD0-8372A074F6D5}.Debug|Any CPU.Build.0 = Debug|Any CPU
		{E369EAE9-15F3-41D2-8AD0-8372A074F6D5}.Release|Any CPU.ActiveCfg = Release|Any CPU
		{E369EAE9-15F3-41D2-8AD0-8372A074F6D5}.Release|Any CPU.Build.0 = Release|Any CPU
		{BC67C716-70F4-40C1-8AEC-CCE2D54F6AA4}.Debug|Any CPU.ActiveCfg = Debug|Any CPU
		{BC67C716-70F4-40C1-8AEC-CCE2D54F6AA4}.Debug|Any CPU.Build.0 = Debug|Any CPU
		{BC67C716-70F4-40C1-8AEC-CCE2D54F6AA4}.Release|Any CPU.ActiveCfg = Release|Any CPU
		{BC67C716-70F4-40C1-8AEC-CCE2D54F6AA4}.Release|Any CPU.Build.0 = Release|Any CPU
		{7762B2D5-9F1D-4CB5-A256-5D458047BA0B}.Debug|Any CPU.ActiveCfg = Debug|Any CPU
		{7762B2D5-9F1D-4CB5-A256-5D458047BA0B}.Debug|Any CPU.Build.0 = Debug|Any CPU
		{7762B2D5-9F1D-4CB5-A256-5D458047BA0B}.Release|Any CPU.ActiveCfg = Release|Any CPU
		{7762B2D5-9F1D-4CB5-A256-5D458047BA0B}.Release|Any CPU.Build.0 = Release|Any CPU
	EndGlobalSection
	GlobalSection(SolutionProperties) = preSolution
		HideSolutionNode = FALSE
	EndGlobalSection
	GlobalSection(ExtensibilityGlobals) = postSolution
		SolutionGuid = {D291E878-7402-4206-98EB-1474D2D10041}
	EndGlobalSection
EndGlobal
